
Microsoft Visual Studio Solution File, Format Version 12.00
# Visual Studio Version 17
VisualStudioVersion = 17.2.32519.379
MinimumVisualStudioVersion = 10.0.40219.1
Project("{FAE04EC0-301F-11D3-BF4B-00C04F79EFBC}") = "XpertEventsApi", "XpertEventsApi\XpertEventsApi.csproj", "{C47483C9-B551-4143-A4AA-6C9BCFD8033F}"
EndProject
Global
	GlobalSection(SolutionConfigurationPlatforms) = preSolution
		Debug|Any CPU = Debug|Any CPU
		Release|Any CPU = Release|Any CPU
	EndGlobalSection
	GlobalSection(ProjectConfigurationPlatforms) = postSolution
		{C47483C9-B551-4143-A4AA-6C9BCFD8033F}.Debug|Any CPU.ActiveCfg = Debug|Any CPU
		{C47483C9-B551-4143-A4AA-6C9BCFD8033F}.Debug|Any CPU.Build.0 = Debug|Any CPU
		{C47483C9-B551-4143-A4AA-6C9BCFD8033F}.Release|Any CPU.ActiveCfg = Release|Any CPU
		{C47483C9-B551-4143-A4AA-6C9BCFD8033F}.Release|Any CPU.Build.0 = Release|Any CPU
	EndGlobalSection
	GlobalSection(SolutionProperties) = preSolution
		HideSolutionNode = FALSE
	EndGlobalSection
	GlobalSection(ExtensibilityGlobals) = postSolution
		SolutionGuid = {0EFE72FB-DD9F-4358-ACB5-17C0DCF943E7}
	EndGlobalSection
EndGlobal
